github.com/AmirH21/dog v0.0.0-20241008113535-d0341bf1631f h1:u/dmgubI5VANssDSHTMN7a4LLDgPJJTgfI9tUjbi/7A=
github.com/AmirH21/dog v0.0.0-20241008113535-d0341bf1631f/go.mod h1:/qLCR8hMYrb1+8G8DzGX/gdWHV2tAQzVaoH5pMzBQE0=
github.com/AmirH21/puppy v0.0.0-20241007191035-bb35b695ad05 h1:gqj3R9oWB7LgeoKLWGDYEmKExpg1w5GxR5Yu8MjPIGg=
github.com/AmirH21/puppy v0.0.0-20241007191035-bb35b695ad05/go.mod h1:bkeDjKykjd3XlGd7XOJE6yfWuAY373oUoM+V/96zuko=
github.com/AmirH21/puppy v0.0.0-20241008114248-cea1f93a92c0 h1:rQPWATv0Ld5InLRrx8VH/FKNkupl+WrKDj3nmHFQiCw=
github.com/AmirH21/puppy v0.0.0-20241008114248-cea1f93a92c0/go.mod h1:dHAYWNA87ai1CN2YJ5bwjEND4gfs3fjFWVGUP6uCKPw=
